
Microsoft Visual Studio Solution File, Format Version 12.00
# Visual Studio 14
VisualStudioVersion = 14.0.25420.1
MinimumVisualStudioVersion = 10.0.40219.1
Project("{D954291E-2A0B-460D-934E-DC6B0785DB48}") = "TrendingTopIt", "TrendingTopIt\TrendingTopIt\TrendingTopIt.shproj", "{92D322BE-72BA-465F-9C45-C9B6121364CF}"
EndProject
Project("{FAE04EC0-301F-11D3-BF4B-00C04F79EFBC}") = "TrendingTopIt.Android", "TrendingTopIt\TrendingTopIt.Android\TrendingTopIt.Android.csproj", "{E044E9EE-3B5E-4197-B57D-A760F9596171}"
	ProjectSection(ProjectDependencies) = postProject
		{EB312094-4AC8-4793-BF86-975FD5BEB034} = {EB312094-4AC8-4793-BF86-975FD5BEB034}
	EndProjectSection
	
EndProject
Project("{FAE04EC0-301F-11D3-BF4B-00C04F79EFBC}") = "TrendingTopIt.iOS", "TrendingTopIt\TrendingTopIt.iOS\TrendingTopIt.iOS.csproj", "{EB312094-4AC8-4793-BF86-975FD5BEB034}"
EndProject
Global

	GlobalSection(SharedMSBuildProjectFiles) = preSolution
		TrendingTopIt\TrendingTopIt\TrendingTopIt.projitems*{92d322be-72ba-465f-9c45-c9b6121364cf}*SharedItemsImports = 13
		TrendingTopIt\TrendingTopIt\TrendingTopIt.projitems*{e044e9ee-3b5e-4197-b57d-a760f9596171}*SharedItemsImports = 4
		TrendingTopIt\TrendingTopIt\TrendingTopIt.projitems*{eb312094-4ac8-4793-bf86-975fd5beb034}*SharedItemsImports = 4
	EndGlobalSection
	GlobalSection(SolutionConfigurationPlatforms) = preSolution
		Ad-Hoc|Any CPU = Ad-Hoc|Any CPU
		Ad-Hoc|iPhone = Ad-Hoc|iPhone
		Ad-Hoc|iPhoneSimulator = Ad-Hoc|iPhoneSimulator
		AppStore|Any CPU = AppStore|Any CPU
		AppStore|iPhone = AppStore|iPhone
		AppStore|iPhoneSimulator = AppStore|iPhoneSimulator
		Debug|Any CPU = Debug|Any CPU
		Debug|iPhone = Debug|iPhone
		Debug|iPhoneSimulator = Debug|iPhoneSimulator
		Release|Any CPU = Release|Any CPU
		Release|iPhone = Release|iPhone
		Release|iPhoneSimulator = Release|iPhoneSimulator
	EndGlobalSection
	GlobalSection(ProjectConfigurationPlatforms) = postSolution
		{E044E9EE-3B5E-4197-B57D-A760F9596171}.Ad-Hoc|Any CPU.ActiveCfg = Release|Any CPU
		{E044E9EE-3B5E-4197-B57D-A760F9596171}.Ad-Hoc|Any CPU.Build.0 = Release|Any CPU
		{E044E9EE-3B5E-4197-B57D-A760F9596171}.Ad-Hoc|Any CPU.Deploy.0 = Release|Any CPU
		{E044E9EE-3B5E-4197-B57D-A760F9596171}.Ad-Hoc|iPhone.ActiveCfg = Release|Any CPU
		{E044E9EE-3B5E-4197-B57D-A760F9596171}.Ad-Hoc|iPhone.Build.0 = Release|Any CPU
		{E044E9EE-3B5E-4197-B57D-A760F9596171}.Ad-Hoc|iPhone.Deploy.0 = Release|Any CPU
		{E044E9EE-3B5E-4197-B57D-A760F9596171}.Ad-Hoc|iPhoneSimulator.ActiveCfg = Release|Any CPU
		{E044E9EE-3B5E-4197-B57D-A760F9596171}.Ad-Hoc|iPhoneSimulator.Build.0 = Release|Any CPU
		{E044E9EE-3B5E-4197-B57D-A760F9596171}.Ad-Hoc|iPhoneSimulator.Deploy.0 = Release|Any CPU
		{E044E9EE-3B5E-4197-B57D-A760F9596171}.AppStore|Any CPU.ActiveCfg = Release|Any CPU
		{E044E9EE-3B5E-4197-B57D-A760F9596171}.AppStore|Any CPU.Build.0 = Release|Any CPU
		{E044E9EE-3B5E-4197-B57D-A760F9596171}.AppStore|Any CPU.Deploy.0 = Release|Any CPU
		{E044E9EE-3B5E-4197-B57D-A760F9596171}.AppStore|iPhone.ActiveCfg = Release|Any CPU
		{E044E9EE-3B5E-4197-B57D-A760F9596171}.AppStore|iPhone.Build.0 = Release|Any CPU
		{E044E9EE-3B5E-4197-B57D-A760F9596171}.AppStore|iPhone.Deploy.0 = Release|Any CPU
		{E044E9EE-3B5E-4197-B57D-A760F9596171}.AppStore|iPhoneSimulator.ActiveCfg = Release|Any CPU
		{E044E9EE-3B5E-4197-B57D-A760F9596171}.AppStore|iPhoneSimulator.Build.0 = Release|Any CPU
		{E044E9EE-3B5E-4197-B57D-A760F9596171}.AppStore|iPhoneSimulator.Deploy.0 = Release|Any CPU
		{E044E9EE-3B5E-4197-B57D-A760F9596171}.Debug|Any CPU.ActiveCfg = Debug|Any CPU
		{E044E9EE-3B5E-4197-B57D-A760F9596171}.Debug|Any CPU.Build.0 = Debug|Any CPU
		{E044E9EE-3B5E-4197-B57D-A760F9596171}.Debug|Any CPU.Deploy.0 = Debug|Any CPU
		{E044E9EE-3B5E-4197-B57D-A760F9596171}.Debug|iPhone.ActiveCfg = Debug|Any CPU
		{E044E9EE-3B5E-4197-B57D-A760F9596171}.Debug|iPhone.Build.0 = Debug|Any CPU
		{E044E9EE-3B5E-4197-B57D-A760F9596171}.Debug|iPhone.Deploy.0 = Debug|Any CPU
		{E044E9EE-3B5E-4197-B57D-A760F9596171}.Debug|iPhoneSimulator.ActiveCfg = Debug|Any CPU
		{E044E9EE-3B5E-4197-B57D-A760F9596171}.Debug|iPhoneSimulator.Build.0 = Debug|Any CPU
		{E044E9EE-3B5E-4197-B57D-A760F9596171}.Debug|iPhoneSimulator.Deploy.0 = Debug|Any CPU
		{E044E9EE-3B5E-4197-B57D-A760F9596171}.Release|Any CPU.ActiveCfg = Release|Any CPU
		{E044E9EE-3B5E-4197-B57D-A760F9596171}.Release|Any CPU.Build.0 = Release|Any CPU
		{E044E9EE-3B5E-4197-B57D-A760F9596171}.Release|Any CPU.Deploy.0 = Release|Any CPU
		{E044E9EE-3B5E-4197-B57D-A760F9596171}.Release|iPhone.ActiveCfg = Release|Any CPU
		{E044E9EE-3B5E-4197-B57D-A760F9596171}.Release|iPhone.Build.0 = Release|Any CPU
		{E044E9EE-3B5E-4197-B57D-A760F9596171}.Release|iPhone.Deploy.0 = Release|Any CPU
		{E044E9EE-3B5E-4197-B57D-A760F9596171}.Release|iPhoneSimulator.ActiveCfg = Release|Any CPU
		{E044E9EE-3B5E-4197-B57D-A760F9596171}.Release|iPhoneSimulator.Build.0 = Release|Any CPU
		{E044E9EE-3B5E-4197-B57D-A760F9596171}.Release|iPhoneSimulator.Deploy.0 = Release|Any CPU
		{EB312094-4AC8-4793-BF86-975FD5BEB034}.Ad-Hoc|Any CPU.ActiveCfg = Ad-Hoc|iPhone
		{EB312094-4AC8-4793-BF86-975FD5BEB034}.Ad-Hoc|iPhone.ActiveCfg = Ad-Hoc|iPhone
		{EB312094-4AC8-4793-BF86-975FD5BEB034}.Ad-Hoc|iPhone.Build.0 = Ad-Hoc|iPhone
		{EB312094-4AC8-4793-BF86-975FD5BEB034}.Ad-Hoc|iPhoneSimulator.ActiveCfg = Ad-Hoc|iPhoneSimulator
		{EB312094-4AC8-4793-BF86-975FD5BEB034}.Ad-Hoc|iPhoneSimulator.Build.0 = Ad-Hoc|iPhoneSimulator
		{EB312094-4AC8-4793-BF86-975FD5BEB034}.AppStore|Any CPU.ActiveCfg = AppStore|iPhone
		{EB312094-4AC8-4793-BF86-975FD5BEB034}.AppStore|iPhone.ActiveCfg = AppStore|iPhone
		{EB312094-4AC8-4793-BF86-975FD5BEB034}.AppStore|iPhone.Build.0 = AppStore|iPhone
		{EB312094-4AC8-4793-BF86-975FD5BEB034}.AppStore|iPhoneSimulator.ActiveCfg = AppStore|iPhoneSimulator
		{EB312094-4AC8-4793-BF86-975FD5BEB034}.AppStore|iPhoneSimulator.Build.0 = AppStore|iPhoneSimulator
		{EB312094-4AC8-4793-BF86-975FD5BEB034}.Debug|Any CPU.ActiveCfg = Debug|iPhone
		{EB312094-4AC8-4793-BF86-975FD5BEB034}.Debug|iPhone.ActiveCfg = Debug|iPhone
		{EB312094-4AC8-4793-BF86-975FD5BEB034}.Debug|iPhone.Build.0 = Debug|iPhone
		{EB312094-4AC8-4793-BF86-975FD5BEB034}.Debug|iPhoneSimulator.ActiveCfg = Debug|iPhoneSimulator
		{EB312094-4AC8-4793-BF86-975FD5BEB034}.Debug|iPhoneSimulator.Build.0 = Debug|iPhoneSimulator
		{EB312094-4AC8-4793-BF86-975FD5BEB034}.Release|Any CPU.ActiveCfg = Release|iPhone
		{EB312094-4AC8-4793-BF86-975FD5BEB034}.Release|iPhone.ActiveCfg = Release|iPhone
		{EB312094-4AC8-4793-BF86-975FD5BEB034}.Release|iPhone.Build.0 = Release|iPhone
		{EB312094-4AC8-4793-BF86-975FD5BEB034}.Release|iPhoneSimulator.ActiveCfg = Release|iPhoneSimulator
		{EB312094-4AC8-4793-BF86-975FD5BEB034}.Release|iPhoneSimulator.Build.0 = Release|iPhoneSimulator
	EndGlobalSection
	GlobalSection(SolutionProperties) = preSolution
		HideSolutionNode = FALSE
	EndGlobalSection
EndGlobal
